
Microsoft Visual Studio Solution File, Format Version 12.00
# Visual Studio Version 17
VisualStudioVersion = 17.4.33103.184
MinimumVisualStudioVersion = 10.0.40219.1
Project("{2150E333-8FDC-42A3-9474-1A3956D46DE8}") = "Services", "Services", "{159CBB15-23C0-4B02-B476-5D269AF6EE84}"
EndProject
Project("{2150E333-8FDC-42A3-9474-1A3956D46DE8}") = "Catalog", "Catalog", "{52EC59E9-E3F8-405F-AA7B-CBB264690671}"
EndProject
Project("{9A19103F-16F7-4668-BE54-9A1E7A4F7556}") = "Catalog.API", "Services\Catalog\Catalog.API\Catalog.API.csproj", "{CA2A0C67-BED3-45E3-9FBD-176637D3DE48}"
EndProject
Project("{E53339B2-1760-4266-BCC7-CA923CBCF16C}") = "docker-compose", "docker-compose.dcproj", "{5B79235B-0F71-4F31-87EF-EEB209FADDEF}"
EndProject
Project("{2150E333-8FDC-42A3-9474-1A3956D46DE8}") = "Basket", "Basket", "{7808B763-A274-421A-847E-C208D3586B3B}"
EndProject
Project("{9A19103F-16F7-4668-BE54-9A1E7A4F7556}") = "Basket.API", "Services\Basket\Basket.API\Basket.API.csproj", "{11EB6774-08B5-4828-A76B-6B6F382F5DF9}"
EndProject
Project("{2150E333-8FDC-42A3-9474-1A3956D46DE8}") = "Discount", "Discount", "{0CE22575-E11B-4033-9E76-AE4363DB7066}"
EndProject
Project("{FAE04EC0-301F-11D3-BF4B-00C04F79EFBC}") = "Discount.API", "Services\Discount\Discount.API\Discount.API.csproj", "{8495317E-65C0-4F1D-8892-AAD726400F8B}"
EndProject
Global
	GlobalSection(SolutionConfigurationPlatforms) = preSolution
		Debug|Any CPU = Debug|Any CPU
		Release|Any CPU = Release|Any CPU
	EndGlobalSection
	GlobalSection(ProjectConfigurationPlatforms) = postSolution
		{CA2A0C67-BED3-45E3-9FBD-176637D3DE48}.Debug|Any CPU.ActiveCfg = Debug|Any CPU
		{CA2A0C67-BED3-45E3-9FBD-176637D3DE48}.Debug|Any CPU.Build.0 = Debug|Any CPU
		{CA2A0C67-BED3-45E3-9FBD-176637D3DE48}.Release|Any CPU.ActiveCfg = Release|Any CPU
		{CA2A0C67-BED3-45E3-9FBD-176637D3DE48}.Release|Any CPU.Build.0 = Release|Any CPU
		{5B79235B-0F71-4F31-87EF-EEB209FADDEF}.Debug|Any CPU.ActiveCfg = Debug|Any CPU
		{5B79235B-0F71-4F31-87EF-EEB209FADDEF}.Debug|Any CPU.Build.0 = Debug|Any CPU
		{5B79235B-0F71-4F31-87EF-EEB209FADDEF}.Release|Any CPU.ActiveCfg = Release|Any CPU
		{5B79235B-0F71-4F31-87EF-EEB209FADDEF}.Release|Any CPU.Build.0 = Release|Any CPU
		{11EB6774-08B5-4828-A76B-6B6F382F5DF9}.Debug|Any CPU.ActiveCfg = Debug|Any CPU
		{11EB6774-08B5-4828-A76B-6B6F382F5DF9}.Debug|Any CPU.Build.0 = Debug|Any CPU
		{11EB6774-08B5-4828-A76B-6B6F382F5DF9}.Release|Any CPU.ActiveCfg = Release|Any CPU
		{11EB6774-08B5-4828-A76B-6B6F382F5DF9}.Release|Any CPU.Build.0 = Release|Any CPU
		{8495317E-65C0-4F1D-8892-AAD726400F8B}.Debug|Any CPU.ActiveCfg = Debug|Any CPU
		{8495317E-65C0-4F1D-8892-AAD726400F8B}.Debug|Any CPU.Build.0 = Debug|Any CPU
		{8495317E-65C0-4F1D-8892-AAD726400F8B}.Release|Any CPU.ActiveCfg = Release|Any CPU
		{8495317E-65C0-4F1D-8892-AAD726400F8B}.Release|Any CPU.Build.0 = Release|Any CPU
	EndGlobalSection
	GlobalSection(SolutionProperties) = preSolution
		HideSolutionNode = FALSE
	EndGlobalSection
	GlobalSection(NestedProjects) = preSolution
		{52EC59E9-E3F8-405F-AA7B-CBB264690671} = {159CBB15-23C0-4B02-B476-5D269AF6EE84}
		{CA2A0C67-BED3-45E3-9FBD-176637D3DE48} = {52EC59E9-E3F8-405F-AA7B-CBB264690671}
		{7808B763-A274-421A-847E-C208D3586B3B} = {159CBB15-23C0-4B02-B476-5D269AF6EE84}
		{11EB6774-08B5-4828-A76B-6B6F382F5DF9} = {7808B763-A274-421A-847E-C208D3586B3B}
		{0CE22575-E11B-4033-9E76-AE4363DB7066} = {159CBB15-23C0-4B02-B476-5D269AF6EE84}
		{8495317E-65C0-4F1D-8892-AAD726400F8B} = {0CE22575-E11B-4033-9E76-AE4363DB7066}
	EndGlobalSection
	GlobalSection(ExtensibilityGlobals) = postSolution
		SolutionGuid = {E0A6E789-12AB-4029-B4AF-5C5A789526D9}
	EndGlobalSection
EndGlobal
