
Microsoft Visual Studio Solution File, Format Version 12.00
# Visual Studio Version 17
VisualStudioVersion = 17.4.33103.184
MinimumVisualStudioVersion = 10.0.40219.1
Project("{2150E333-8FDC-42A3-9474-1A3956D46DE8}") = "Services", "Services", "{159CBB15-23C0-4B02-B476-5D269AF6EE84}"
EndProject
Project("{2150E333-8FDC-42A3-9474-1A3956D46DE8}") = "Catalog", "Catalog", "{52EC59E9-E3F8-405F-AA7B-CBB264690671}"
EndProject
Project("{9A19103F-16F7-4668-BE54-9A1E7A4F7556}") = "Catalog.API", "Services\Catalog\Catalog.API\Catalog.API.csproj", "{CA2A0C67-BED3-45E3-9FBD-176637D3DE48}"
EndProject
Project("{E53339B2-1760-4266-BCC7-CA923CBCF16C}") = "docker-compose", "docker-compose.dcproj", "{5B79235B-0F71-4F31-87EF-EEB209FADDEF}"
EndProject
Project("{2150E333-8FDC-42A3-9474-1A3956D46DE8}") = "Basket", "Basket", "{7808B763-A274-421A-847E-C208D3586B3B}"
EndProject
Project("{9A19103F-16F7-4668-BE54-9A1E7A4F7556}") = "Basket.API", "Services\Basket\Basket.API\Basket.API.csproj", "{11EB6774-08B5-4828-A76B-6B6F382F5DF9}"
EndProject
Project("{2150E333-8FDC-42A3-9474-1A3956D46DE8}") = "Discount", "Discount", "{0CE22575-E11B-4033-9E76-AE4363DB7066}"
EndProject
Project("{9A19103F-16F7-4668-BE54-9A1E7A4F7556}") = "Discount.API", "Services\Discount\Discount.API\Discount.API.csproj", "{8495317E-65C0-4F1D-8892-AAD726400F8B}"
EndProject
Project("{9A19103F-16F7-4668-BE54-9A1E7A4F7556}") = "Discount.Grpc", "Services\Discount\Discount.Grpc\Discount.Grpc.csproj", "{F225DC51-0FC5-4866-B04E-212A19F48E51}"
EndProject
Project("{2150E333-8FDC-42A3-9474-1A3956D46DE8}") = "Ordering", "Ordering", "{FFF3EFC3-5853-43D4-8100-7B109113714E}"
EndProject
Project("{FAE04EC0-301F-11D3-BF4B-00C04F79EFBC}") = "Ordering.API", "Services\Ordering\Ordering.API\Ordering.API.csproj", "{21787377-EA2F-4E91-BADD-CCE3AA27D61A}"
EndProject
Project("{FAE04EC0-301F-11D3-BF4B-00C04F79EFBC}") = "Ordering.Domain", "Services\Ordering\Ordering.Domain\Ordering.Domain.csproj", "{D4A4F7E0-14D0-4FFE-B46D-1B6FD63D6D50}"
EndProject
Project("{FAE04EC0-301F-11D3-BF4B-00C04F79EFBC}") = "Ordering.Application", "Services\Ordering\Ordering.Application\Ordering.Application.csproj", "{99A30DB9-597A-45F4-A2FC-27F6D9961BEC}"
EndProject
Project("{FAE04EC0-301F-11D3-BF4B-00C04F79EFBC}") = "Ordering.Infrastructure", "Services\Ordering\Ordering.Infrastructure\Ordering.Infrastructure.csproj", "{79D7B6CB-A1C9-45CF-B2E1-3E3B1DF48454}"
EndProject
Global
	GlobalSection(SolutionConfigurationPlatforms) = preSolution
		Debug|Any CPU = Debug|Any CPU
		Release|Any CPU = Release|Any CPU
	EndGlobalSection
	GlobalSection(ProjectConfigurationPlatforms) = postSolution
		{CA2A0C67-BED3-45E3-9FBD-176637D3DE48}.Debug|Any CPU.ActiveCfg = Debug|Any CPU
		{CA2A0C67-BED3-45E3-9FBD-176637D3DE48}.Debug|Any CPU.Build.0 = Debug|Any CPU
		{CA2A0C67-BED3-45E3-9FBD-176637D3DE48}.Release|Any CPU.ActiveCfg = Release|Any CPU
		{CA2A0C67-BED3-45E3-9FBD-176637D3DE48}.Release|Any CPU.Build.0 = Release|Any CPU
		{5B79235B-0F71-4F31-87EF-EEB209FADDEF}.Debug|Any CPU.ActiveCfg = Debug|Any CPU
		{5B79235B-0F71-4F31-87EF-EEB209FADDEF}.Debug|Any CPU.Build.0 = Debug|Any CPU
		{5B79235B-0F71-4F31-87EF-EEB209FADDEF}.Release|Any CPU.ActiveCfg = Release|Any CPU
		{5B79235B-0F71-4F31-87EF-EEB209FADDEF}.Release|Any CPU.Build.0 = Release|Any CPU
		{11EB6774-08B5-4828-A76B-6B6F382F5DF9}.Debug|Any CPU.ActiveCfg = Debug|Any CPU
		{11EB6774-08B5-4828-A76B-6B6F382F5DF9}.Debug|Any CPU.Build.0 = Debug|Any CPU
		{11EB6774-08B5-4828-A76B-6B6F382F5DF9}.Release|Any CPU.ActiveCfg = Release|Any CPU
		{11EB6774-08B5-4828-A76B-6B6F382F5DF9}.Release|Any CPU.Build.0 = Release|Any CPU
		{8495317E-65C0-4F1D-8892-AAD726400F8B}.Debug|Any CPU.ActiveCfg = Debug|Any CPU
		{8495317E-65C0-4F1D-8892-AAD726400F8B}.Debug|Any CPU.Build.0 = Debug|Any CPU
		{8495317E-65C0-4F1D-8892-AAD726400F8B}.Release|Any CPU.ActiveCfg = Release|Any CPU
		{8495317E-65C0-4F1D-8892-AAD726400F8B}.Release|Any CPU.Build.0 = Release|Any CPU
		{F225DC51-0FC5-4866-B04E-212A19F48E51}.Debug|Any CPU.ActiveCfg = Debug|Any CPU
		{F225DC51-0FC5-4866-B04E-212A19F48E51}.Debug|Any CPU.Build.0 = Debug|Any CPU
		{F225DC51-0FC5-4866-B04E-212A19F48E51}.Release|Any CPU.ActiveCfg = Release|Any CPU
		{F225DC51-0FC5-4866-B04E-212A19F48E51}.Release|Any CPU.Build.0 = Release|Any CPU
		{21787377-EA2F-4E91-BADD-CCE3AA27D61A}.Debug|Any CPU.ActiveCfg = Debug|Any CPU
		{21787377-EA2F-4E91-BADD-CCE3AA27D61A}.Debug|Any CPU.Build.0 = Debug|Any CPU
		{21787377-EA2F-4E91-BADD-CCE3AA27D61A}.Release|Any CPU.ActiveCfg = Release|Any CPU
		{21787377-EA2F-4E91-BADD-CCE3AA27D61A}.Release|Any CPU.Build.0 = Release|Any CPU
		{D4A4F7E0-14D0-4FFE-B46D-1B6FD63D6D50}.Debug|Any CPU.ActiveCfg = Debug|Any CPU
		{D4A4F7E0-14D0-4FFE-B46D-1B6FD63D6D50}.Debug|Any CPU.Build.0 = Debug|Any CPU
		{D4A4F7E0-14D0-4FFE-B46D-1B6FD63D6D50}.Release|Any CPU.ActiveCfg = Release|Any CPU
		{D4A4F7E0-14D0-4FFE-B46D-1B6FD63D6D50}.Release|Any CPU.Build.0 = Release|Any CPU
		{99A30DB9-597A-45F4-A2FC-27F6D9961BEC}.Debug|Any CPU.ActiveCfg = Debug|Any CPU
		{99A30DB9-597A-45F4-A2FC-27F6D9961BEC}.Debug|Any CPU.Build.0 = Debug|Any CPU
		{99A30DB9-597A-45F4-A2FC-27F6D9961BEC}.Release|Any CPU.ActiveCfg = Release|Any CPU
		{99A30DB9-597A-45F4-A2FC-27F6D9961BEC}.Release|Any CPU.Build.0 = Release|Any CPU
		{79D7B6CB-A1C9-45CF-B2E1-3E3B1DF48454}.Debug|Any CPU.ActiveCfg = Debug|Any CPU
		{79D7B6CB-A1C9-45CF-B2E1-3E3B1DF48454}.Debug|Any CPU.Build.0 = Debug|Any CPU
		{79D7B6CB-A1C9-45CF-B2E1-3E3B1DF48454}.Release|Any CPU.ActiveCfg = Release|Any CPU
		{79D7B6CB-A1C9-45CF-B2E1-3E3B1DF48454}.Release|Any CPU.Build.0 = Release|Any CPU
	EndGlobalSection
	GlobalSection(SolutionProperties) = preSolution
		HideSolutionNode = FALSE
	EndGlobalSection
	GlobalSection(NestedProjects) = preSolution
		{52EC59E9-E3F8-405F-AA7B-CBB264690671} = {159CBB15-23C0-4B02-B476-5D269AF6EE84}
		{CA2A0C67-BED3-45E3-9FBD-176637D3DE48} = {52EC59E9-E3F8-405F-AA7B-CBB264690671}
		{7808B763-A274-421A-847E-C208D3586B3B} = {159CBB15-23C0-4B02-B476-5D269AF6EE84}
		{11EB6774-08B5-4828-A76B-6B6F382F5DF9} = {7808B763-A274-421A-847E-C208D3586B3B}
		{0CE22575-E11B-4033-9E76-AE4363DB7066} = {159CBB15-23C0-4B02-B476-5D269AF6EE84}
		{8495317E-65C0-4F1D-8892-AAD726400F8B} = {0CE22575-E11B-4033-9E76-AE4363DB7066}
		{F225DC51-0FC5-4866-B04E-212A19F48E51} = {0CE22575-E11B-4033-9E76-AE4363DB7066}
		{FFF3EFC3-5853-43D4-8100-7B109113714E} = {159CBB15-23C0-4B02-B476-5D269AF6EE84}
		{21787377-EA2F-4E91-BADD-CCE3AA27D61A} = {FFF3EFC3-5853-43D4-8100-7B109113714E}
		{D4A4F7E0-14D0-4FFE-B46D-1B6FD63D6D50} = {FFF3EFC3-5853-43D4-8100-7B109113714E}
		{99A30DB9-597A-45F4-A2FC-27F6D9961BEC} = {FFF3EFC3-5853-43D4-8100-7B109113714E}
		{79D7B6CB-A1C9-45CF-B2E1-3E3B1DF48454} = {FFF3EFC3-5853-43D4-8100-7B109113714E}
	EndGlobalSection
	GlobalSection(ExtensibilityGlobals) = postSolution
		SolutionGuid = {E0A6E789-12AB-4029-B4AF-5C5A789526D9}
	EndGlobalSection
EndGlobal
